
Microsoft Visual Studio Solution File, Format Version 12.00
# Visual Studio 15
VisualStudioVersion = 15.0.28307.572
MinimumVisualStudioVersion = 10.0.40219.1
Project("{9A19103F-16F7-4668-BE54-9A1E7A4F7556}") = "NETCoreSyncWebSample", "NETCoreSyncWebSample\NETCoreSyncWebSample.csproj", "{395E5492-E19A-423F-B81D-CAD7A8726D25}"
EndProject
Project("{9A19103F-16F7-4668-BE54-9A1E7A4F7556}") = "NETCoreSync", "NETCoreSync\NETCoreSync.csproj", "{00C06802-3397-4BE0-82F2-99547468A22F}"
EndProject
Project("{FAE04EC0-301F-11D3-BF4B-00C04F79EFBC}") = "NETCoreSyncMobileSample.Android", "NETCoreSyncMobileSample\NETCoreSyncMobileSample.Android\NETCoreSyncMobileSample.Android.csproj", "{24CE3C36-16B9-426D-AA0C-5961ECF8D88C}"
EndProject
Project("{FAE04EC0-301F-11D3-BF4B-00C04F79EFBC}") = "NETCoreSyncMobileSample.iOS", "NETCoreSyncMobileSample\NETCoreSyncMobileSample.iOS\NETCoreSyncMobileSample.iOS.csproj", "{4FCCA9DC-AF6B-43C4-B0CF-571EB539D688}"
EndProject
Project("{9A19103F-16F7-4668-BE54-9A1E7A4F7556}") = "NETCoreSyncMobileSample", "NETCoreSyncMobileSample\NETCoreSyncMobileSample\NETCoreSyncMobileSample.csproj", "{D92CD917-80F9-4C05-9D4C-B13B040B0DAD}"
EndProject
Global
	GlobalSection(SolutionConfigurationPlatforms) = preSolution
		Debug|Any CPU = Debug|Any CPU
		Debug|iPhone = Debug|iPhone
		Debug|iPhoneSimulator = Debug|iPhoneSimulator
		Release|Any CPU = Release|Any CPU
		Release|iPhone = Release|iPhone
		Release|iPhoneSimulator = Release|iPhoneSimulator
	EndGlobalSection
	GlobalSection(ProjectConfigurationPlatforms) = postSolution
		{395E5492-E19A-423F-B81D-CAD7A8726D25}.Debug|Any CPU.ActiveCfg = Debug|Any CPU
		{395E5492-E19A-423F-B81D-CAD7A8726D25}.Debug|Any CPU.Build.0 = Debug|Any CPU
		{395E5492-E19A-423F-B81D-CAD7A8726D25}.Debug|iPhone.ActiveCfg = Debug|Any CPU
		{395E5492-E19A-423F-B81D-CAD7A8726D25}.Debug|iPhone.Build.0 = Debug|Any CPU
		{395E5492-E19A-423F-B81D-CAD7A8726D25}.Debug|iPhoneSimulator.ActiveCfg = Debug|Any CPU
		{395E5492-E19A-423F-B81D-CAD7A8726D25}.Debug|iPhoneSimulator.Build.0 = Debug|Any CPU
		{395E5492-E19A-423F-B81D-CAD7A8726D25}.Release|Any CPU.ActiveCfg = Release|Any CPU
		{395E5492-E19A-423F-B81D-CAD7A8726D25}.Release|Any CPU.Build.0 = Release|Any CPU
		{395E5492-E19A-423F-B81D-CAD7A8726D25}.Release|iPhone.ActiveCfg = Release|Any CPU
		{395E5492-E19A-423F-B81D-CAD7A8726D25}.Release|iPhone.Build.0 = Release|Any CPU
		{395E5492-E19A-423F-B81D-CAD7A8726D25}.Release|iPhoneSimulator.ActiveCfg = Release|Any CPU
		{395E5492-E19A-423F-B81D-CAD7A8726D25}.Release|iPhoneSimulator.Build.0 = Release|Any CPU
		{00C06802-3397-4BE0-82F2-99547468A22F}.Debug|Any CPU.ActiveCfg = Debug|Any CPU
		{00C06802-3397-4BE0-82F2-99547468A22F}.Debug|Any CPU.Build.0 = Debug|Any CPU
		{00C06802-3397-4BE0-82F2-99547468A22F}.Debug|iPhone.ActiveCfg = Debug|Any CPU
		{00C06802-3397-4BE0-82F2-99547468A22F}.Debug|iPhone.Build.0 = Debug|Any CPU
		{00C06802-3397-4BE0-82F2-99547468A22F}.Debug|iPhoneSimulator.ActiveCfg = Debug|Any CPU
		{00C06802-3397-4BE0-82F2-99547468A22F}.Debug|iPhoneSimulator.Build.0 = Debug|Any CPU
		{00C06802-3397-4BE0-82F2-99547468A22F}.Release|Any CPU.ActiveCfg = Release|Any CPU
		{00C06802-3397-4BE0-82F2-99547468A22F}.Release|Any CPU.Build.0 = Release|Any CPU
		{00C06802-3397-4BE0-82F2-99547468A22F}.Release|iPhone.ActiveCfg = Release|Any CPU
		{00C06802-3397-4BE0-82F2-99547468A22F}.Release|iPhone.Build.0 = Release|Any CPU
		{00C06802-3397-4BE0-82F2-99547468A22F}.Release|iPhoneSimulator.ActiveCfg = Release|Any CPU
		{00C06802-3397-4BE0-82F2-99547468A22F}.Release|iPhoneSimulator.Build.0 = Release|Any CPU
		{24CE3C36-16B9-426D-AA0C-5961ECF8D88C}.Debug|Any CPU.ActiveCfg = Debug|Any CPU
		{24CE3C36-16B9-426D-AA0C-5961ECF8D88C}.Debug|Any CPU.Build.0 = Debug|Any CPU
		{24CE3C36-16B9-426D-AA0C-5961ECF8D88C}.Debug|Any CPU.Deploy.0 = Debug|Any CPU
		{24CE3C36-16B9-426D-AA0C-5961ECF8D88C}.Debug|iPhone.ActiveCfg = Debug|Any CPU
		{24CE3C36-16B9-426D-AA0C-5961ECF8D88C}.Debug|iPhone.Build.0 = Debug|Any CPU
		{24CE3C36-16B9-426D-AA0C-5961ECF8D88C}.Debug|iPhone.Deploy.0 = Debug|Any CPU
		{24CE3C36-16B9-426D-AA0C-5961ECF8D88C}.Debug|iPhoneSimulator.ActiveCfg = Debug|Any CPU
		{24CE3C36-16B9-426D-AA0C-5961ECF8D88C}.Debug|iPhoneSimulator.Build.0 = Debug|Any CPU
		{24CE3C36-16B9-426D-AA0C-5961ECF8D88C}.Debug|iPhoneSimulator.Deploy.0 = Debug|Any CPU
		{24CE3C36-16B9-426D-AA0C-5961ECF8D88C}.Release|Any CPU.ActiveCfg = Release|Any CPU
		{24CE3C36-16B9-426D-AA0C-5961ECF8D88C}.Release|Any CPU.Build.0 = Release|Any CPU
		{24CE3C36-16B9-426D-AA0C-5961ECF8D88C}.Release|Any CPU.Deploy.0 = Release|Any CPU
		{24CE3C36-16B9-426D-AA0C-5961ECF8D88C}.Release|iPhone.ActiveCfg = Release|Any CPU
		{24CE3C36-16B9-426D-AA0C-5961ECF8D88C}.Release|iPhone.Build.0 = Release|Any CPU
		{24CE3C36-16B9-426D-AA0C-5961ECF8D88C}.Release|iPhone.Deploy.0 = Release|Any CPU
		{24CE3C36-16B9-426D-AA0C-5961ECF8D88C}.Release|iPhoneSimulator.ActiveCfg = Release|Any CPU
		{24CE3C36-16B9-426D-AA0C-5961ECF8D88C}.Release|iPhoneSimulator.Build.0 = Release|Any CPU
		{24CE3C36-16B9-426D-AA0C-5961ECF8D88C}.Release|iPhoneSimulator.Deploy.0 = Release|Any CPU
		{4FCCA9DC-AF6B-43C4-B0CF-571EB539D688}.Debug|Any CPU.ActiveCfg = Debug|iPhone
		{4FCCA9DC-AF6B-43C4-B0CF-571EB539D688}.Debug|iPhone.ActiveCfg = Debug|iPhone
		{4FCCA9DC-AF6B-43C4-B0CF-571EB539D688}.Debug|iPhone.Build.0 = Debug|iPhone
		{4FCCA9DC-AF6B-43C4-B0CF-571EB539D688}.Debug|iPhoneSimulator.ActiveCfg = Debug|iPhoneSimulator
		{4FCCA9DC-AF6B-43C4-B0CF-571EB539D688}.Debug|iPhoneSimulator.Build.0 = Debug|iPhoneSimulator
		{4FCCA9DC-AF6B-43C4-B0CF-571EB539D688}.Release|Any CPU.ActiveCfg = Release|iPhone
		{4FCCA9DC-AF6B-43C4-B0CF-571EB539D688}.Release|iPhone.ActiveCfg = Release|iPhone
		{4FCCA9DC-AF6B-43C4-B0CF-571EB539D688}.Release|iPhone.Build.0 = Release|iPhone
		{4FCCA9DC-AF6B-43C4-B0CF-571EB539D688}.Release|iPhoneSimulator.ActiveCfg = Release|iPhoneSimulator
		{4FCCA9DC-AF6B-43C4-B0CF-571EB539D688}.Release|iPhoneSimulator.Build.0 = Release|iPhoneSimulator
		{D92CD917-80F9-4C05-9D4C-B13B040B0DAD}.Debug|Any CPU.ActiveCfg = Debug|Any CPU
		{D92CD917-80F9-4C05-9D4C-B13B040B0DAD}.Debug|Any CPU.Build.0 = Debug|Any CPU
		{D92CD917-80F9-4C05-9D4C-B13B040B0DAD}.Debug|iPhone.ActiveCfg = Debug|Any CPU
		{D92CD917-80F9-4C05-9D4C-B13B040B0DAD}.Debug|iPhone.Build.0 = Debug|Any CPU
		{D92CD917-80F9-4C05-9D4C-B13B040B0DAD}.Debug|iPhoneSimulator.ActiveCfg = Debug|Any CPU
		{D92CD917-80F9-4C05-9D4C-B13B040B0DAD}.Debug|iPhoneSimulator.Build.0 = Debug|Any CPU
		{D92CD917-80F9-4C05-9D4C-B13B040B0DAD}.Release|Any CPU.ActiveCfg = Release|Any CPU
		{D92CD917-80F9-4C05-9D4C-B13B040B0DAD}.Release|Any CPU.Build.0 = Release|Any CPU
		{D92CD917-80F9-4C05-9D4C-B13B040B0DAD}.Release|iPhone.ActiveCfg = Release|Any CPU
		{D92CD917-80F9-4C05-9D4C-B13B040B0DAD}.Release|iPhone.Build.0 = Release|Any CPU
		{D92CD917-80F9-4C05-9D4C-B13B040B0DAD}.Release|iPhoneSimulator.ActiveCfg = Release|Any CPU
		{D92CD917-80F9-4C05-9D4C-B13B040B0DAD}.Release|iPhoneSimulator.Build.0 = Release|Any CPU
	EndGlobalSection
	GlobalSection(SolutionProperties) = preSolution
		HideSolutionNode = FALSE
	EndGlobalSection
	GlobalSection(ExtensibilityGlobals) = postSolution
		SolutionGuid = {F49E31F8-8627-4F02-B730-FFC003E9B7CF}
	EndGlobalSection
EndGlobal
